
Microsoft Visual Studio Solution File, Format Version 12.00
# Visual Studio Version 17
VisualStudioVersion = 17.3.32901.215
MinimumVisualStudioVersion = 10.0.40219.1
Project("{FAE04EC0-301F-11D3-BF4B-00C04F79EFBC}") = "AutoCreationofDwg", "AutoCreationofDwg.csproj", "{D9188E29-BBF5-4198-B656-E61476F681B4}"
EndProject
Global
	GlobalSection(SolutionConfigurationPlatforms) = preSolution
		Debug|Any CPU = Debug|Any CPU
		Release|Any CPU = Release|Any CPU
	EndGlobalSection
	GlobalSection(ProjectConfigurationPlatforms) = postSolution
		{D9188E29-BBF5-4198-B656-E61476F681B4}.Debug|Any CPU.ActiveCfg = Debug|Any CPU
		{D9188E29-BBF5-4198-B656-E61476F681B4}.Debug|Any CPU.Build.0 = Debug|Any CPU
		{D9188E29-BBF5-4198-B656-E61476F681B4}.Release|Any CPU.ActiveCfg = Release|Any CPU
		{D9188E29-BBF5-4198-B656-E61476F681B4}.Release|Any CPU.Build.0 = Release|Any CPU
	EndGlobalSection
	GlobalSection(SolutionProperties) = preSolution
		HideSolutionNode = FALSE
	EndGlobalSection
	GlobalSection(ExtensibilityGlobals) = postSolution
		SolutionGuid = {7AC1491A-C9DE-47A3-8B1F-9B7C203627F8}
	EndGlobalSection
EndGlobal
